// !$*UTF8*$!
{
	archiveVersion = 1;
	classes = {
	};
	objectVersion = 46;
	objects = {

/* Begin PBXBuildFile section */
		0F8294D61FEC2167007F85B6 /* DeeplinkType.swift in Sources */ = {isa = PBXBuildFile; fileRef = 0F8294D51FEC2167007F85B6 /* DeeplinkType.swift */; };
		0F8294D81FEC2188007F85B6 /* DeeplinkHandler.swift in Sources */ = {isa = PBXBuildFile; fileRef = 0F8294D71FEC2188007F85B6 /* DeeplinkHandler.swift */; };
		0F93121F1FED74CE00149E84 /* DeeplinkCoordinator.swift in Sources */ = {isa = PBXBuildFile; fileRef = 0F93121E1FED74CE00149E84 /* DeeplinkCoordinator.swift */; };
		0F9312221FEE1B7500149E84 /* MainCoordinator.swift in Sources */ = {isa = PBXBuildFile; fileRef = 0F9312211FEE1B7500149E84 /* MainCoordinator.swift */; };
		915927101E7ECE78007C43E5 /* AppDelegate.swift in Sources */ = {isa = PBXBuildFile; fileRef = 9159270F1E7ECE78007C43E5 /* AppDelegate.swift */; };
		915927121E7ECE84007C43E5 /* Coordinator.swift in Sources */ = {isa = PBXBuildFile; fileRef = 915927111E7ECE84007C43E5 /* Coordinator.swift */; };
		915927151E7ECE8D007C43E5 /* ApplicationCoordinator.swift in Sources */ = {isa = PBXBuildFile; fileRef = 915927131E7ECE8D007C43E5 /* ApplicationCoordinator.swift */; };
		915927161E7ECE8D007C43E5 /* LoginCoordinator.swift in Sources */ = {isa = PBXBuildFile; fileRef = 915927141E7ECE8D007C43E5 /* LoginCoordinator.swift */; };
		915927181E7ECE96007C43E5 /* FoodDto.swift in Sources */ = {isa = PBXBuildFile; fileRef = 915927171E7ECE96007C43E5 /* FoodDto.swift */; };
		9159271B1E7ECE9F007C43E5 /* ControllersFactory.swift in Sources */ = {isa = PBXBuildFile; fileRef = 915927191E7ECE9F007C43E5 /* ControllersFactory.swift */; };
		9159271C1E7ECE9F007C43E5 /* CoordinatorFactory.swift in Sources */ = {isa = PBXBuildFile; fileRef = 9159271A1E7ECE9F007C43E5 /* CoordinatorFactory.swift */; };
		9159271F1E7ECEAE007C43E5 /* ControllersFactoryImpl.swift in Sources */ = {isa = PBXBuildFile; fileRef = 9159271D1E7ECEAE007C43E5 /* ControllersFactoryImpl.swift */; };
		915927201E7ECEAE007C43E5 /* CoordinatorFactoryImpl.swift in Sources */ = {isa = PBXBuildFile; fileRef = 9159271E1E7ECEAE007C43E5 /* CoordinatorFactoryImpl.swift */; };
		915927221E7ECEB9007C43E5 /* Router.swift in Sources */ = {isa = PBXBuildFile; fileRef = 915927211E7ECEB9007C43E5 /* Router.swift */; };
		915927241E7ECEC0007C43E5 /* RouterImpl.swift in Sources */ = {isa = PBXBuildFile; fileRef = 915927231E7ECEC0007C43E5 /* RouterImpl.swift */; };
		915927261E7ECECD007C43E5 /* FoodListTableViewCell.swift in Sources */ = {isa = PBXBuildFile; fileRef = 915927251E7ECECD007C43E5 /* FoodListTableViewCell.swift */; };
		9159272C1E7ECED8007C43E5 /* WebViewController.swift in Sources */ = {isa = PBXBuildFile; fileRef = 915927271E7ECED8007C43E5 /* WebViewController.swift */; };
		9159272D1E7ECED8007C43E5 /* TopViewController.swift in Sources */ = {isa = PBXBuildFile; fileRef = 915927281E7ECED8007C43E5 /* TopViewController.swift */; };
		9159272E1E7ECED8007C43E5 /* Presentable.swift in Sources */ = {isa = PBXBuildFile; fileRef = 915927291E7ECED8007C43E5 /* Presentable.swift */; };
		9159272F1E7ECED8007C43E5 /* LoginViewController.swift in Sources */ = {isa = PBXBuildFile; fileRef = 9159272A1E7ECED8007C43E5 /* LoginViewController.swift */; };
		915927301E7ECED8007C43E5 /* FoodListViewController.swift in Sources */ = {isa = PBXBuildFile; fileRef = 9159272B1E7ECED8007C43E5 /* FoodListViewController.swift */; };
		9159273E1E7ECF3A007C43E5 /* FoodListTableViewCell.xib in Resources */ = {isa = PBXBuildFile; fileRef = 9159273D1E7ECF3A007C43E5 /* FoodListTableViewCell.xib */; };
		915927421E7ECF42007C43E5 /* FoodListViewController.xib in Resources */ = {isa = PBXBuildFile; fileRef = 9159273F1E7ECF42007C43E5 /* FoodListViewController.xib */; };
		915927431E7ECF42007C43E5 /* LoginViewController.xib in Resources */ = {isa = PBXBuildFile; fileRef = 915927401E7ECF42007C43E5 /* LoginViewController.xib */; };
		915927441E7ECF42007C43E5 /* TopViewController.xib in Resources */ = {isa = PBXBuildFile; fileRef = 915927411E7ECF42007C43E5 /* TopViewController.xib */; };
		917D9F401E7E3EA60043E661 /* LaunchScreen.storyboard in Resources */ = {isa = PBXBuildFile; fileRef = 917D9F3E1E7E3EA60043E661 /* LaunchScreen.storyboard */; };
/* End PBXBuildFile section */

/* Begin PBXFileReference section */
		0F8294D51FEC2167007F85B6 /* DeeplinkType.swift */ = {isa = PBXFileReference; lastKnownFileType = sourcecode.swift; name = DeeplinkType.swift; path = Classes/Deeplink/DeeplinkType.swift; sourceTree = "<group>"; };
		0F8294D71FEC2188007F85B6 /* DeeplinkHandler.swift */ = {isa = PBXFileReference; lastKnownFileType = sourcecode.swift; name = DeeplinkHandler.swift; path = Classes/Deeplink/DeeplinkHandler.swift; sourceTree = "<group>"; };
		0F93121E1FED74CE00149E84 /* DeeplinkCoordinator.swift */ = {isa = PBXFileReference; lastKnownFileType = sourcecode.swift; name = DeeplinkCoordinator.swift; path = Classes/Coordinator/Impl/DeeplinkCoordinator.swift; sourceTree = "<group>"; };
		0F9312211FEE1B7500149E84 /* MainCoordinator.swift */ = {isa = PBXFileReference; lastKnownFileType = sourcecode.swift; name = MainCoordinator.swift; path = Classes/Coordinator/Impl/MainCoordinator.swift; sourceTree = "<group>"; };
		9159270F1E7ECE78007C43E5 /* AppDelegate.swift */ = {isa = PBXFileReference; fileEncoding = 4; lastKnownFileType = sourcecode.swift; name = AppDelegate.swift; path = Classes/AppDelegate.swift; sourceTree = "<group>"; };
		915927111E7ECE84007C43E5 /* Coordinator.swift */ = {isa = PBXFileReference; fileEncoding = 4; lastKnownFileType = sourcecode.swift; name = Coordinator.swift; path = Classes/Coordinator/Coordinator.swift; sourceTree = "<group>"; };
		915927131E7ECE8D007C43E5 /* ApplicationCoordinator.swift */ = {isa = PBXFileReference; fileEncoding = 4; lastKnownFileType = sourcecode.swift; name = ApplicationCoordinator.swift; path = Classes/Coordinator/Impl/ApplicationCoordinator.swift; sourceTree = "<group>"; };
		915927141E7ECE8D007C43E5 /* LoginCoordinator.swift */ = {isa = PBXFileReference; fileEncoding = 4; lastKnownFileType = sourcecode.swift; name = LoginCoordinator.swift; path = Classes/Coordinator/Impl/LoginCoordinator.swift; sourceTree = "<group>"; };
		915927171E7ECE96007C43E5 /* FoodDto.swift */ = {isa = PBXFileReference; fileEncoding = 4; lastKnownFileType = sourcecode.swift; name = FoodDto.swift; path = Classes/Dto/FoodDto.swift; sourceTree = "<group>"; };
		915927191E7ECE9F007C43E5 /* ControllersFactory.swift */ = {isa = PBXFileReference; fileEncoding = 4; lastKnownFileType = sourcecode.swift; name = ControllersFactory.swift; path = Classes/Factory/ControllersFactory.swift; sourceTree = "<group>"; };
		9159271A1E7ECE9F007C43E5 /* CoordinatorFactory.swift */ = {isa = PBXFileReference; fileEncoding = 4; lastKnownFileType = sourcecode.swift; name = CoordinatorFactory.swift; path = Classes/Factory/CoordinatorFactory.swift; sourceTree = "<group>"; };
		9159271D1E7ECEAE007C43E5 /* ControllersFactoryImpl.swift */ = {isa = PBXFileReference; fileEncoding = 4; lastKnownFileType = sourcecode.swift; name = ControllersFactoryImpl.swift; path = Classes/Factory/Impl/ControllersFactoryImpl.swift; sourceTree = "<group>"; };
		9159271E1E7ECEAE007C43E5 /* CoordinatorFactoryImpl.swift */ = {isa = PBXFileReference; fileEncoding = 4; lastKnownFileType = sourcecode.swift; name = CoordinatorFactoryImpl.swift; path = Classes/Factory/Impl/CoordinatorFactoryImpl.swift; sourceTree = "<group>"; };
		915927211E7ECEB9007C43E5 /* Router.swift */ = {isa = PBXFileReference; fileEncoding = 4; lastKnownFileType = sourcecode.swift; name = Router.swift; path = Classes/Router/Router.swift; sourceTree = "<group>"; };
		915927231E7ECEC0007C43E5 /* RouterImpl.swift */ = {isa = PBXFileReference; fileEncoding = 4; lastKnownFileType = sourcecode.swift; name = RouterImpl.swift; path = Classes/Router/Impl/RouterImpl.swift; sourceTree = "<group>"; };
		915927251E7ECECD007C43E5 /* FoodListTableViewCell.swift */ = {isa = PBXFileReference; fileEncoding = 4; lastKnownFileType = sourcecode.swift; name = FoodListTableViewCell.swift; path = Classes/View/Cell/FoodListTableViewCell.swift; sourceTree = "<group>"; };
		915927271E7ECED8007C43E5 /* WebViewController.swift */ = {isa = PBXFileReference; fileEncoding = 4; lastKnownFileType = sourcecode.swift; name = WebViewController.swift; path = Classes/ViewController/WebViewController.swift; sourceTree = "<group>"; };
		915927281E7ECED8007C43E5 /* TopViewController.swift */ = {isa = PBXFileReference; fileEncoding = 4; lastKnownFileType = sourcecode.swift; name = TopViewController.swift; path = Classes/ViewController/TopViewController.swift; sourceTree = "<group>"; };
		915927291E7ECED8007C43E5 /* Presentable.swift */ = {isa = PBXFileReference; fileEncoding = 4; lastKnownFileType = sourcecode.swift; name = Presentable.swift; path = Classes/ViewController/Presentable.swift; sourceTree = "<group>"; };
		9159272A1E7ECED8007C43E5 /* LoginViewController.swift */ = {isa = PBXFileReference; fileEncoding = 4; lastKnownFileType = sourcecode.swift; name = LoginViewController.swift; path = Classes/ViewController/LoginViewController.swift; sourceTree = "<group>"; };
		9159272B1E7ECED8007C43E5 /* FoodListViewController.swift */ = {isa = PBXFileReference; fileEncoding = 4; lastKnownFileType = sourcecode.swift; name = FoodListViewController.swift; path = Classes/ViewController/FoodListViewController.swift; sourceTree = "<group>"; };
		9159273D1E7ECF3A007C43E5 /* FoodListTableViewCell.xib */ = {isa = PBXFileReference; fileEncoding = 4; lastKnownFileType = file.xib; name = FoodListTableViewCell.xib; path = Resources/Xib/Cell/FoodListTableViewCell.xib; sourceTree = "<group>"; };
		9159273F1E7ECF42007C43E5 /* FoodListViewController.xib */ = {isa = PBXFileReference; fileEncoding = 4; lastKnownFileType = file.xib; name = FoodListViewController.xib; path = Resources/Xib/ViewController/FoodListViewController.xib; sourceTree = "<group>"; };
		915927401E7ECF42007C43E5 /* LoginViewController.xib */ = {isa = PBXFileReference; fileEncoding = 4; lastKnownFileType = file.xib; name = LoginViewController.xib; path = Resources/Xib/ViewController/LoginViewController.xib; sourceTree = "<group>"; };
		915927411E7ECF42007C43E5 /* TopViewController.xib */ = {isa = PBXFileReference; fileEncoding = 4; lastKnownFileType = file.xib; name = TopViewController.xib; path = Resources/Xib/ViewController/TopViewController.xib; sourceTree = "<group>"; };
		917D9F321E7E3EA60043E661 /* ApplicationCoordinatorSample.app */ = {isa = PBXFileReference; explicitFileType = wrapper.application; includeInIndex = 0; path = ApplicationCoordinatorSample.app; sourceTree = BUILT_PRODUCTS_DIR; };
		917D9F3F1E7E3EA60043E661 /* Base */ = {isa = PBXFileReference; lastKnownFileType = file.storyboard; name = Base; path = Base.lproj/LaunchScreen.storyboard; sourceTree = "<group>"; };
/* End PBXFileReference section */

/* Begin PBXFrameworksBuildPhase section */
		917D9F2F1E7E3EA50043E661 /* Frameworks */ = {
			isa = PBXFrameworksBuildPhase;
			buildActionMask = 2147483647;
			files = (
			);
			runOnlyForDeploymentPostprocessing = 0;
		};
/* End PBXFrameworksBuildPhase section */

/* Begin PBXGroup section */
		0F8294D41FEC2122007F85B6 /* Deeplink */ = {
			isa = PBXGroup;
			children = (
				0F9312201FED79E800149E84 /* impl */,
				0F8294D51FEC2167007F85B6 /* DeeplinkType.swift */,
			);
			name = Deeplink;
			sourceTree = "<group>";
		};
		0F9312201FED79E800149E84 /* impl */ = {
			isa = PBXGroup;
			children = (
				0F8294D71FEC2188007F85B6 /* DeeplinkHandler.swift */,
			);
			name = impl;
			sourceTree = "<group>";
		};
		915927031E7ECD99007C43E5 /* Classes */ = {
			isa = PBXGroup;
			children = (
				9159270F1E7ECE78007C43E5 /* AppDelegate.swift */,
				915927041E7ECDA6007C43E5 /* Coordinator */,
				0F8294D41FEC2122007F85B6 /* Deeplink */,
				915927051E7ECDAE007C43E5 /* Dto */,
				915927061E7ECDB6007C43E5 /* Factory */,
				915927071E7ECDCC007C43E5 /* Router */,
				915927081E7ECDD4007C43E5 /* View */,
				915927091E7ECDDE007C43E5 /* ViewController */,
			);
			name = Classes;
			sourceTree = "<group>";
		};
		915927041E7ECDA6007C43E5 /* Coordinator */ = {
			isa = PBXGroup;
			children = (
				915927111E7ECE84007C43E5 /* Coordinator.swift */,
				9159270D1E7ECE2D007C43E5 /* Impl */,
			);
			name = Coordinator;
			sourceTree = "<group>";
		};
		915927051E7ECDAE007C43E5 /* Dto */ = {
			isa = PBXGroup;
			children = (
				915927171E7ECE96007C43E5 /* FoodDto.swift */,
			);
			name = Dto;
			sourceTree = "<group>";
		};
		915927061E7ECDB6007C43E5 /* Factory */ = {
			isa = PBXGroup;
			children = (
				915927191E7ECE9F007C43E5 /* ControllersFactory.swift */,
				9159271A1E7ECE9F007C43E5 /* CoordinatorFactory.swift */,
				9159270C1E7ECE27007C43E5 /* Impl */,
			);
			name = Factory;
			sourceTree = "<group>";
		};
		915927071E7ECDCC007C43E5 /* Router */ = {
			isa = PBXGroup;
			children = (
				915927211E7ECEB9007C43E5 /* Router.swift */,
				9159270B1E7ECE22007C43E5 /* Impl */,
			);
			name = Router;
			sourceTree = "<group>";
		};
		915927081E7ECDD4007C43E5 /* View */ = {
			isa = PBXGroup;
			children = (
				9159270A1E7ECE12007C43E5 /* Cell */,
			);
			name = View;
			sourceTree = "<group>";
		};
		915927091E7ECDDE007C43E5 /* ViewController */ = {
			isa = PBXGroup;
			children = (
				915927271E7ECED8007C43E5 /* WebViewController.swift */,
				915927281E7ECED8007C43E5 /* TopViewController.swift */,
				915927291E7ECED8007C43E5 /* Presentable.swift */,
				9159272A1E7ECED8007C43E5 /* LoginViewController.swift */,
				9159272B1E7ECED8007C43E5 /* FoodListViewController.swift */,
			);
			name = ViewController;
			sourceTree = "<group>";
		};
		9159270A1E7ECE12007C43E5 /* Cell */ = {
			isa = PBXGroup;
			children = (
				915927251E7ECECD007C43E5 /* FoodListTableViewCell.swift */,
			);
			name = Cell;
			sourceTree = "<group>";
		};
		9159270B1E7ECE22007C43E5 /* Impl */ = {
			isa = PBXGroup;
			children = (
				915927231E7ECEC0007C43E5 /* RouterImpl.swift */,
			);
			name = Impl;
			sourceTree = "<group>";
		};
		9159270C1E7ECE27007C43E5 /* Impl */ = {
			isa = PBXGroup;
			children = (
				9159271D1E7ECEAE007C43E5 /* ControllersFactoryImpl.swift */,
				9159271E1E7ECEAE007C43E5 /* CoordinatorFactoryImpl.swift */,
			);
			name = Impl;
			sourceTree = "<group>";
		};
		9159270D1E7ECE2D007C43E5 /* Impl */ = {
			isa = PBXGroup;
			children = (
				915927131E7ECE8D007C43E5 /* ApplicationCoordinator.swift */,
				0F93121E1FED74CE00149E84 /* DeeplinkCoordinator.swift */,
				915927141E7ECE8D007C43E5 /* LoginCoordinator.swift */,
				0F9312211FEE1B7500149E84 /* MainCoordinator.swift */,
			);
			name = Impl;
			sourceTree = "<group>";
		};
		9159270E1E7ECE48007C43E5 /* Resources */ = {
			isa = PBXGroup;
			children = (
				9159273A1E7ECF20007C43E5 /* Xib */,
				917D9F3E1E7E3EA60043E661 /* LaunchScreen.storyboard */,
			);
			name = Resources;
			sourceTree = "<group>";
		};
		9159273A1E7ECF20007C43E5 /* Xib */ = {
			isa = PBXGroup;
			children = (
				9159273B1E7ECF26007C43E5 /* Cell */,
				9159273C1E7ECF2B007C43E5 /* ViewController */,
			);
			name = Xib;
			sourceTree = "<group>";
		};
		9159273B1E7ECF26007C43E5 /* Cell */ = {
			isa = PBXGroup;
			children = (
				9159273D1E7ECF3A007C43E5 /* FoodListTableViewCell.xib */,
			);
			name = Cell;
			sourceTree = "<group>";
		};
		9159273C1E7ECF2B007C43E5 /* ViewController */ = {
			isa = PBXGroup;
			children = (
				9159273F1E7ECF42007C43E5 /* FoodListViewController.xib */,
				915927401E7ECF42007C43E5 /* LoginViewController.xib */,
				915927411E7ECF42007C43E5 /* TopViewController.xib */,
			);
			name = ViewController;
			sourceTree = "<group>";
		};
		917D9F291E7E3EA50043E661 = {
			isa = PBXGroup;
			children = (
				917D9F341E7E3EA60043E661 /* ApplicationCoordinatorSample */,
				917D9F331E7E3EA60043E661 /* Products */,
			);
			sourceTree = "<group>";
		};
		917D9F331E7E3EA60043E661 /* Products */ = {
			isa = PBXGroup;
			children = (
				917D9F321E7E3EA60043E661 /* ApplicationCoordinatorSample.app */,
			);
			name = Products;
			sourceTree = "<group>";
		};
		917D9F341E7E3EA60043E661 /* ApplicationCoordinatorSample */ = {
			isa = PBXGroup;
			children = (
				915927031E7ECD99007C43E5 /* Classes */,
				9159270E1E7ECE48007C43E5 /* Resources */,
			);
			path = ApplicationCoordinatorSample;
			sourceTree = "<group>";
		};
/* End PBXGroup section */

/* Begin PBXNativeTarget section */
		917D9F311E7E3EA50043E661 /* ApplicationCoordinatorSample */ = {
			isa = PBXNativeTarget;
			buildConfigurationList = 917D9F441E7E3EA60043E661 /* Build configuration list for PBXNativeTarget "ApplicationCoordinatorSample" */;
			buildPhases = (
				917D9F2E1E7E3EA50043E661 /* Sources */,
				917D9F2F1E7E3EA50043E661 /* Frameworks */,
				917D9F301E7E3EA50043E661 /* Resources */,
			);
			buildRules = (
			);
			dependencies = (
			);
			name = ApplicationCoordinatorSample;
			productName = ApplicationCoordinatorSample;
			productReference = 917D9F321E7E3EA60043E661 /* ApplicationCoordinatorSample.app */;
			productType = "com.apple.product-type.application";
		};
/* End PBXNativeTarget section */

/* Begin PBXProject section */
		917D9F2A1E7E3EA50043E661 /* Project object */ = {
			isa = PBXProject;
			attributes = {
				LastSwiftUpdateCheck = 0820;
				LastUpgradeCheck = 0920;
				ORGANIZATIONNAME = takahia;
				TargetAttributes = {
					917D9F311E7E3EA50043E661 = {
						CreatedOnToolsVersion = 8.2.1;
						LastSwiftMigration = 0920;
						ProvisioningStyle = Automatic;
					};
				};
			};
			buildConfigurationList = 917D9F2D1E7E3EA50043E661 /* Build configuration list for PBXProject "ApplicationCoordinatorSample" */;
			compatibilityVersion = "Xcode 3.2";
			developmentRegion = English;
			hasScannedForEncodings = 0;
			knownRegions = (
				en,
				Base,
			);
			mainGroup = 917D9F291E7E3EA50043E661;
			productRefGroup = 917D9F331E7E3EA60043E661 /* Products */;
			projectDirPath = "";
			projectRoot = "";
			targets = (
				917D9F311E7E3EA50043E661 /* ApplicationCoordinatorSample */,
			);
		};
/* End PBXProject section */

/* Begin PBXResourcesBuildPhase section */
		917D9F301E7E3EA50043E661 /* Resources */ = {
			isa = PBXResourcesBuildPhase;
			buildActionMask = 2147483647;
			files = (
				915927431E7ECF42007C43E5 /* LoginViewController.xib in Resources */,
				917D9F401E7E3EA60043E661 /* LaunchScreen.storyboard in Resources */,
				915927421E7ECF42007C43E5 /* FoodListViewController.xib in Resources */,
				915927441E7ECF42007C43E5 /* TopViewController.xib in Resources */,
				9159273E1E7ECF3A007C43E5 /* FoodListTableViewCell.xib in Resources */,
			);
			runOnlyForDeploymentPostprocessing = 0;
		};
/* End PBXResourcesBuildPhase section */

/* Begin PBXSourcesBuildPhase section */
		917D9F2E1E7E3EA50043E661 /* Sources */ = {
			isa = PBXSourcesBuildPhase;
			buildActionMask = 2147483647;
			files = (
				0F93121F1FED74CE00149E84 /* DeeplinkCoordinator.swift in Sources */,
				0F9312221FEE1B7500149E84 /* MainCoordinator.swift in Sources */,
				9159271F1E7ECEAE007C43E5 /* ControllersFactoryImpl.swift in Sources */,
				915927121E7ECE84007C43E5 /* Coordinator.swift in Sources */,
				0F8294D81FEC2188007F85B6 /* DeeplinkHandler.swift in Sources */,
				915927221E7ECEB9007C43E5 /* Router.swift in Sources */,
				915927181E7ECE96007C43E5 /* FoodDto.swift in Sources */,
				915927241E7ECEC0007C43E5 /* RouterImpl.swift in Sources */,
				9159271C1E7ECE9F007C43E5 /* CoordinatorFactory.swift in Sources */,
				9159272D1E7ECED8007C43E5 /* TopViewController.swift in Sources */,
				915927101E7ECE78007C43E5 /* AppDelegate.swift in Sources */,
				9159272E1E7ECED8007C43E5 /* Presentable.swift in Sources */,
				915927201E7ECEAE007C43E5 /* CoordinatorFactoryImpl.swift in Sources */,
				915927161E7ECE8D007C43E5 /* LoginCoordinator.swift in Sources */,
				915927261E7ECECD007C43E5 /* FoodListTableViewCell.swift in Sources */,
				9159272F1E7ECED8007C43E5 /* LoginViewController.swift in Sources */,
				0F8294D61FEC2167007F85B6 /* DeeplinkType.swift in Sources */,
				9159271B1E7ECE9F007C43E5 /* ControllersFactory.swift in Sources */,
				915927301E7ECED8007C43E5 /* FoodListViewController.swift in Sources */,
				9159272C1E7ECED8007C43E5 /* WebViewController.swift in Sources */,
				915927151E7ECE8D007C43E5 /* ApplicationCoordinator.swift in Sources */,
			);
			runOnlyForDeploymentPostprocessing = 0;
		};
/* End PBXSourcesBuildPhase section */

/* Begin PBXVariantGroup section */
		917D9F3E1E7E3EA60043E661 /* LaunchScreen.storyboard */ = {
			isa = PBXVariantGroup;
			children = (
				917D9F3F1E7E3EA60043E661 /* Base */,
			);
			name = LaunchScreen.storyboard;
			path = Resources;
			sourceTree = "<group>";
		};
/* End PBXVariantGroup section */

/* Begin XCBuildConfiguration section */
		917D9F421E7E3EA60043E661 /* Debug */ = {
			isa = XCBuildConfiguration;
			buildSettings = {
				ALWAYS_SEARCH_USER_PATHS = NO;
				CLANG_ANALYZER_NONNULL = YES;
				CLANG_CXX_LANGUAGE_STANDARD = "gnu++0x";
				CLANG_CXX_LIBRARY = "libc++";
				CLANG_ENABLE_MODULES = YES;
				CLANG_ENABLE_OBJC_ARC = YES;
				CLANG_WARN_BLOCK_CAPTURE_AUTORELEASING = YES;
				CLANG_WARN_BOOL_CONVERSION = YES;
				CLANG_WARN_COMMA = YES;
				CLANG_WARN_CONSTANT_CONVERSION = YES;
				CLANG_WARN_DIRECT_OBJC_ISA_USAGE = YES_ERROR;
				CLANG_WARN_DOCUMENTATION_COMMENTS = YES;
				CLANG_WARN_EMPTY_BODY = YES;
				CLANG_WARN_ENUM_CONVERSION = YES;
				CLANG_WARN_INFINITE_RECURSION = YES;
				CLANG_WARN_INT_CONVERSION = YES;
				CLANG_WARN_NON_LITERAL_NULL_CONVERSION = YES;
				CLANG_WARN_OBJC_LITERAL_CONVERSION = YES;
				CLANG_WARN_OBJC_ROOT_CLASS = YES_ERROR;
				CLANG_WARN_RANGE_LOOP_ANALYSIS = YES;
				CLANG_WARN_STRICT_PROTOTYPES = YES;
				CLANG_WARN_SUSPICIOUS_MOVE = YES;
				CLANG_WARN_UNREACHABLE_CODE = YES;
				CLANG_WARN__DUPLICATE_METHOD_MATCH = YES;
				"CODE_SIGN_IDENTITY[sdk=iphoneos*]" = "iPhone Developer";
				COPY_PHASE_STRIP = NO;
				DEBUG_INFORMATION_FORMAT = dwarf;
				ENABLE_STRICT_OBJC_MSGSEND = YES;
				ENABLE_TESTABILITY = YES;
				GCC_C_LANGUAGE_STANDARD = gnu99;
				GCC_DYNAMIC_NO_PIC = NO;
				GCC_NO_COMMON_BLOCKS = YES;
				GCC_OPTIMIZATION_LEVEL = 0;
				GCC_PREPROCESSOR_DEFINITIONS = (
					"DEBUG=1",
					"$(inherited)",
				);
				GCC_WARN_64_TO_32_BIT_CONVERSION = YES;
				GCC_WARN_ABOUT_RETURN_TYPE = YES_ERROR;
				GCC_WARN_UNDECLARED_SELECTOR = YES;
				GCC_WARN_UNINITIALIZED_AUTOS = YES_AGGRESSIVE;
				GCC_WARN_UNUSED_FUNCTION = YES;
				GCC_WARN_UNUSED_VARIABLE = YES;
				IPHONEOS_DEPLOYMENT_TARGET = 10.2;
				MTL_ENABLE_DEBUG_INFO = YES;
				ONLY_ACTIVE_ARCH = YES;
				SDKROOT = iphoneos;
				SWIFT_ACTIVE_COMPILATION_CONDITIONS = DEBUG;
				SWIFT_OPTIMIZATION_LEVEL = "-Onone";
				TARGETED_DEVICE_FAMILY = "1,2";
			};
			name = Debug;
		};
		917D9F431E7E3EA60043E661 /* Release */ = {
			isa = XCBuildConfiguration;
			buildSettings = {
				ALWAYS_SEARCH_USER_PATHS = NO;
				CLANG_ANALYZER_NONNULL = YES;
				CLANG_CXX_LANGUAGE_STANDARD = "gnu++0x";
				CLANG_CXX_LIBRARY = "libc++";
				CLANG_ENABLE_MODULES = YES;
				CLANG_ENABLE_OBJC_ARC = YES;
				CLANG_WARN_BLOCK_CAPTURE_AUTORELEASING = YES;
				CLANG_WARN_BOOL_CONVERSION = YES;
				CLANG_WARN_COMMA = YES;
				CLANG_WARN_CONSTANT_CONVERSION = YES;
				CLANG_WARN_DIRECT_OBJC_ISA_USAGE = YES_ERROR;
				CLANG_WARN_DOCUMENTATION_COMMENTS = YES;
				CLANG_WARN_EMPTY_BODY = YES;
				CLANG_WARN_ENUM_CONVERSION = YES;
				CLANG_WARN_INFINITE_RECURSION = YES;
				CLANG_WARN_INT_CONVERSION = YES;
				CLANG_WARN_NON_LITERAL_NULL_CONVERSION = YES;
				CLANG_WARN_OBJC_LITERAL_CONVERSION = YES;
				CLANG_WARN_OBJC_ROOT_CLASS = YES_ERROR;
				CLANG_WARN_RANGE_LOOP_ANALYSIS = YES;
				CLANG_WARN_STRICT_PROTOTYPES = YES;
				CLANG_WARN_SUSPICIOUS_MOVE = YES;
				CLANG_WARN_UNREACHABLE_CODE = YES;
				CLANG_WARN__DUPLICATE_METHOD_MATCH = YES;
				"CODE_SIGN_IDENTITY[sdk=iphoneos*]" = "iPhone Developer";
				COPY_PHASE_STRIP = NO;
				DEBUG_INFORMATION_FORMAT = "dwarf-with-dsym";
				ENABLE_NS_ASSERTIONS = NO;
				ENABLE_STRICT_OBJC_MSGSEND = YES;
				GCC_C_LANGUAGE_STANDARD = gnu99;
				GCC_NO_COMMON_BLOCKS = YES;
				GCC_WARN_64_TO_32_BIT_CONVERSION = YES;
				GCC_WARN_ABOUT_RETURN_TYPE = YES_ERROR;
				GCC_WARN_UNDECLARED_SELECTOR = YES;
				GCC_WARN_UNINITIALIZED_AUTOS = YES_AGGRESSIVE;
				GCC_WARN_UNUSED_FUNCTION = YES;
				GCC_WARN_UNUSED_VARIABLE = YES;
				IPHONEOS_DEPLOYMENT_TARGET = 10.2;
				MTL_ENABLE_DEBUG_INFO = NO;
				SDKROOT = iphoneos;
				SWIFT_OPTIMIZATION_LEVEL = "-Owholemodule";
				TARGETED_DEVICE_FAMILY = "1,2";
				VALIDATE_PRODUCT = YES;
			};
			name = Release;
		};
		917D9F451E7E3EA60043E661 /* Debug */ = {
			isa = XCBuildConfiguration;
			buildSettings = {
				ASSETCATALOG_COMPILER_APPICON_NAME = AppIcon;
				CLANG_ENABLE_MODULES = YES;
				INFOPLIST_FILE = ApplicationCoordinatorSample/Resources/Info.plist;
				LD_RUNPATH_SEARCH_PATHS = "$(inherited) @executable_path/Frameworks";
				PRODUCT_BUNDLE_IDENTIFIER = com.takahia.ApplicationCoordinatorSample;
				PRODUCT_NAME = "$(TARGET_NAME)";
				SWIFT_OPTIMIZATION_LEVEL = "-Onone";
				SWIFT_SWIFT3_OBJC_INFERENCE = Default;
				SWIFT_VERSION = 4.0;
			};
			name = Debug;
		};
		917D9F461E7E3EA60043E661 /* Release */ = {
			isa = XCBuildConfiguration;
			buildSettings = {
				ASSETCATALOG_COMPILER_APPICON_NAME = AppIcon;
				CLANG_ENABLE_MODULES = YES;
				INFOPLIST_FILE = ApplicationCoordinatorSample/Resources/Info.plist;
				LD_RUNPATH_SEARCH_PATHS = "$(inherited) @executable_path/Frameworks";
				PRODUCT_BUNDLE_IDENTIFIER = com.takahia.ApplicationCoordinatorSample;
				PRODUCT_NAME = "$(TARGET_NAME)";
				SWIFT_SWIFT3_OBJC_INFERENCE = Default;
				SWIFT_VERSION = 4.0;
			};
			name = Release;
		};
/* End XCBuildConfiguration section */

/* Begin XCConfigurationList section */
		917D9F2D1E7E3EA50043E661 /* Build configuration list for PBXProject "ApplicationCoordinatorSample" */ = {
			isa = XCConfigurationList;
			buildConfigurations = (
				917D9F421E7E3EA60043E661 /* Debug */,
				917D9F431E7E3EA60043E661 /* Release */,
			);
			defaultConfigurationIsVisible = 0;
			defaultConfigurationName = Release;
		};
		917D9F441E7E3EA60043E661 /* Build configuration list for PBXNativeTarget "ApplicationCoordinatorSample" */ = {
			isa = XCConfigurationList;
			buildConfigurations = (
				917D9F451E7E3EA60043E661 /* Debug */,
				917D9F461E7E3EA60043E661 /* Release */,
			);
			defaultConfigurationIsVisible = 0;
			defaultConfigurationName = Release;
		};
/* End XCConfigurationList section */
	};
	rootObject = 917D9F2A1E7E3EA50043E661 /* Project object */;
}
